{
  "name": "azure-typescript-e2e-apps",
  "version": "1.0.0",
  "lockfileVersion": 3,
  "requires": true,
  "packages": {
    "": {
      "name": "azure-typescript-e2e-apps",
      "version": "1.0.0",
      "workspaces": [
        "lib-openai/",
        "cli-openai/"
      ],
      "dependencies": {
        "choco": "^0.2.1"
      },
      "devDependencies": {}
    },
    "node_modules/choco": {
      "version": "0.2.1",
      "resolved": "https://registry.npmjs.org/choco/-/choco-0.2.1.tgz",
      "integrity": "sha512-AurFOQn56J4Mxj1lilx6/Wl47kGfEm3ZpkGH9DnWlEYahJsX0ubj0pm5TobMpcPPJcQLtu98SBW2RdKB0l/4Dw==",
      "deprecated": "unmaintained"
    }
  }
}
